
Microsoft Visual Studio Solution File, Format Version 10.00
# Visual Studio 2008
Project("{FAE04EC0-301F-11D3-BF4B-00C04F79EFBC}") = "Cooperative", "Cooperative\Cooperative.csproj", "{1B53C421-6E44-457A-88D7-5333F1AFB96A}"
EndProject
Global
	GlobalSection(SolutionConfigurationPlatforms) = preSolution
		Debug|Any CPU = Debug|Any CPU
		Release|Any CPU = Release|Any CPU
	EndGlobalSection
	GlobalSection(ProjectConfigurationPlatforms) = postSolution
		{1B53C421-6E44-457A-88D7-5333F1AFB96A}.Debug|Any CPU.ActiveCfg = Debug|Any CPU
		{1B53C421-6E44-457A-88D7-5333F1AFB96A}.Debug|Any CPU.Build.0 = Debug|Any CPU
		{1B53C421-6E44-457A-88D7-5333F1AFB96A}.Release|Any CPU.ActiveCfg = Release|Any CPU
		{1B53C421-6E44-457A-88D7-5333F1AFB96A}.Release|Any CPU.Build.0 = Release|Any CPU
	EndGlobalSection
	GlobalSection(SolutionProperties) = preSolution
		HideSolutionNode = FALSE
	EndGlobalSection
EndGlobal
